
Microsoft Visual Studio Solution File, Format Version 12.00
# Visual Studio Version 16
VisualStudioVersion = 16.0.31624.102
MinimumVisualStudioVersion = 10.0.40219.1
Project("{FAE04EC0-301F-11D3-BF4B-00C04F79EFBC}") = "Hello_World", "Hello_World\Hello_World.csproj", "{D2EA59DA-DB89-4307-8037-582A36FAB912}"
EndProject
Global
	GlobalSection(SolutionConfigurationPlatforms) = preSolution
		Debug|Any CPU = Debug|Any CPU
		Release|Any CPU = Release|Any CPU
	EndGlobalSection
	GlobalSection(ProjectConfigurationPlatforms) = postSolution
		{D2EA59DA-DB89-4307-8037-582A36FAB912}.Debug|Any CPU.ActiveCfg = Debug|Any CPU
		{D2EA59DA-DB89-4307-8037-582A36FAB912}.Debug|Any CPU.Build.0 = Debug|Any CPU
		{D2EA59DA-DB89-4307-8037-582A36FAB912}.Release|Any CPU.ActiveCfg = Release|Any CPU
		{D2EA59DA-DB89-4307-8037-582A36FAB912}.Release|Any CPU.Build.0 = Release|Any CPU
	EndGlobalSection
	GlobalSection(SolutionProperties) = preSolution
		HideSolutionNode = FALSE
	EndGlobalSection
	GlobalSection(ExtensibilityGlobals) = postSolution
		SolutionGuid = {8DDF9FF9-3A66-4F7E-BEED-1D08B4A73BA6}
	EndGlobalSection
EndGlobal
